
Microsoft Visual Studio Solution File, Format Version 12.00
# Visual Studio Version 17
VisualStudioVersion = 17.13.35825.156
MinimumVisualStudioVersion = 10.0.40219.1
Project("{FAE04EC0-301F-11D3-BF4B-00C04F79EFBC}") = "CalcularDiasVividos", "CalcularDiasVividos\CalcularDiasVividos.csproj", "{9D549ED5-27BF-40F4-9140-9A8470473CC4}"
EndProject
Project("{FAE04EC0-301F-11D3-BF4B-00C04F79EFBC}") = "CadastroAlunos", "CadastroAlunos\CadastroAlunos.csproj", "{260CA9F1-7195-4D27-BC7F-49F67FC99038}"
EndProject
Project("{FAE04EC0-301F-11D3-BF4B-00C04F79EFBC}") = "CalculadoraBasica", "CalculadoraBasica\CalculadoraBasica.csproj", "{402CCB3C-8BE3-4969-91E9-0C5F1DD29949}"
EndProject
Project("{FAE04EC0-301F-11D3-BF4B-00C04F79EFBC}") = "CalculadoraPadrao", "CalculadoraPadrao\CalculadoraPadrao.csproj", "{36075ACA-0D15-475F-8E22-11D1FDAF7A25}"
EndProject
Project("{FAE04EC0-301F-11D3-BF4B-00C04F79EFBC}") = "AcessoAoSistema", "AcessoAoSistema\AcessoAoSistema.csproj", "{A61CC9B3-FCCE-4625-A402-EAFF31BA237B}"
EndProject
Global
	GlobalSection(SolutionConfigurationPlatforms) = preSolution
		Debug|Any CPU = Debug|Any CPU
		Release|Any CPU = Release|Any CPU
	EndGlobalSection
	GlobalSection(ProjectConfigurationPlatforms) = postSolution
		{9D549ED5-27BF-40F4-9140-9A8470473CC4}.Debug|Any CPU.ActiveCfg = Debug|Any CPU
		{9D549ED5-27BF-40F4-9140-9A8470473CC4}.Debug|Any CPU.Build.0 = Debug|Any CPU
		{9D549ED5-27BF-40F4-9140-9A8470473CC4}.Debug|Any CPU.Deploy.0 = Debug|Any CPU
		{9D549ED5-27BF-40F4-9140-9A8470473CC4}.Release|Any CPU.ActiveCfg = Release|Any CPU
		{9D549ED5-27BF-40F4-9140-9A8470473CC4}.Release|Any CPU.Build.0 = Release|Any CPU
		{9D549ED5-27BF-40F4-9140-9A8470473CC4}.Release|Any CPU.Deploy.0 = Release|Any CPU
		{260CA9F1-7195-4D27-BC7F-49F67FC99038}.Debug|Any CPU.ActiveCfg = Debug|Any CPU
		{260CA9F1-7195-4D27-BC7F-49F67FC99038}.Debug|Any CPU.Build.0 = Debug|Any CPU
		{260CA9F1-7195-4D27-BC7F-49F67FC99038}.Debug|Any CPU.Deploy.0 = Debug|Any CPU
		{260CA9F1-7195-4D27-BC7F-49F67FC99038}.Release|Any CPU.ActiveCfg = Release|Any CPU
		{260CA9F1-7195-4D27-BC7F-49F67FC99038}.Release|Any CPU.Build.0 = Release|Any CPU
		{260CA9F1-7195-4D27-BC7F-49F67FC99038}.Release|Any CPU.Deploy.0 = Release|Any CPU
		{402CCB3C-8BE3-4969-91E9-0C5F1DD29949}.Debug|Any CPU.ActiveCfg = Debug|Any CPU
		{402CCB3C-8BE3-4969-91E9-0C5F1DD29949}.Debug|Any CPU.Build.0 = Debug|Any CPU
		{402CCB3C-8BE3-4969-91E9-0C5F1DD29949}.Debug|Any CPU.Deploy.0 = Debug|Any CPU
		{402CCB3C-8BE3-4969-91E9-0C5F1DD29949}.Release|Any CPU.ActiveCfg = Release|Any CPU
		{402CCB3C-8BE3-4969-91E9-0C5F1DD29949}.Release|Any CPU.Build.0 = Release|Any CPU
		{402CCB3C-8BE3-4969-91E9-0C5F1DD29949}.Release|Any CPU.Deploy.0 = Release|Any CPU
		{36075ACA-0D15-475F-8E22-11D1FDAF7A25}.Debug|Any CPU.ActiveCfg = Debug|Any CPU
		{36075ACA-0D15-475F-8E22-11D1FDAF7A25}.Debug|Any CPU.Build.0 = Debug|Any CPU
		{36075ACA-0D15-475F-8E22-11D1FDAF7A25}.Debug|Any CPU.Deploy.0 = Debug|Any CPU
		{36075ACA-0D15-475F-8E22-11D1FDAF7A25}.Release|Any CPU.ActiveCfg = Release|Any CPU
		{36075ACA-0D15-475F-8E22-11D1FDAF7A25}.Release|Any CPU.Build.0 = Release|Any CPU
		{36075ACA-0D15-475F-8E22-11D1FDAF7A25}.Release|Any CPU.Deploy.0 = Release|Any CPU
		{A61CC9B3-FCCE-4625-A402-EAFF31BA237B}.Debug|Any CPU.ActiveCfg = Debug|Any CPU
		{A61CC9B3-FCCE-4625-A402-EAFF31BA237B}.Debug|Any CPU.Build.0 = Debug|Any CPU
		{A61CC9B3-FCCE-4625-A402-EAFF31BA237B}.Debug|Any CPU.Deploy.0 = Debug|Any CPU
		{A61CC9B3-FCCE-4625-A402-EAFF31BA237B}.Release|Any CPU.ActiveCfg = Release|Any CPU
		{A61CC9B3-FCCE-4625-A402-EAFF31BA237B}.Release|Any CPU.Build.0 = Release|Any CPU
		{A61CC9B3-FCCE-4625-A402-EAFF31BA237B}.Release|Any CPU.Deploy.0 = Release|Any CPU
	EndGlobalSection
	GlobalSection(SolutionProperties) = preSolution
		HideSolutionNode = FALSE
	EndGlobalSection
	GlobalSection(ExtensibilityGlobals) = postSolution
		SolutionGuid = {9EAEB79E-2D3B-46CF-8E92-18E568353083}
	EndGlobalSection
EndGlobal
